
Microsoft Visual Studio Solution File, Format Version 12.00
# Visual Studio Version 16
VisualStudioVersion = 16.0.30011.22
MinimumVisualStudioVersion = 10.0.40219.1
Project("{8BC9CEB8-8B4A-11D0-8D11-00A0C91BC942}") = "TEN20_Tutorium_Header", "TEN20_Tutorium_Header.vcxproj", "{757D41C3-7DF3-48C6-9B12-CA949D99393B}"
EndProject
Global
	GlobalSection(SolutionConfigurationPlatforms) = preSolution
		Debug|x64 = Debug|x64
		Debug|x86 = Debug|x86
		Release|x64 = Release|x64
		Release|x86 = Release|x86
	EndGlobalSection
	GlobalSection(ProjectConfigurationPlatforms) = postSolution
		{757D41C3-7DF3-48C6-9B12-CA949D99393B}.Debug|x64.ActiveCfg = Debug|x64
		{757D41C3-7DF3-48C6-9B12-CA949D99393B}.Debug|x64.Build.0 = Debug|x64
		{757D41C3-7DF3-48C6-9B12-CA949D99393B}.Debug|x86.ActiveCfg = Debug|Win32
		{757D41C3-7DF3-48C6-9B12-CA949D99393B}.Debug|x86.Build.0 = Debug|Win32
		{757D41C3-7DF3-48C6-9B12-CA949D99393B}.Release|x64.ActiveCfg = Release|x64
		{757D41C3-7DF3-48C6-9B12-CA949D99393B}.Release|x64.Build.0 = Release|x64
		{757D41C3-7DF3-48C6-9B12-CA949D99393B}.Release|x86.ActiveCfg = Release|Win32
		{757D41C3-7DF3-48C6-9B12-CA949D99393B}.Release|x86.Build.0 = Release|Win32
	EndGlobalSection
	GlobalSection(SolutionProperties) = preSolution
		HideSolutionNode = FALSE
	EndGlobalSection
	GlobalSection(ExtensibilityGlobals) = postSolution
		SolutionGuid = {C5FD2285-09D8-4199-87F0-963B1C937C50}
	EndGlobalSection
EndGlobal
